
Microsoft Visual Studio Solution File, Format Version 12.00
# Visual Studio Version 17
VisualStudioVersion = 17.2.32519.379
MinimumVisualStudioVersion = 10.0.40219.1
Project("{FAE04EC0-301F-11D3-BF4B-00C04F79EFBC}") = "Baslangic", "Baslangic\Baslangic.csproj", "{997F0146-6726-4433-8369-A31F7A72C488}"
EndProject
Project("{FAE04EC0-301F-11D3-BF4B-00C04F79EFBC}") = "Donguler", "Donguler\Donguler.csproj", "{5A0105EB-DBDE-478B-8315-F3D238DE7C80}"
EndProject
Project("{FAE04EC0-301F-11D3-BF4B-00C04F79EFBC}") = "Sınıflar", "Sınıflar\Sınıflar.csproj", "{855E6165-0E5A-4746-B76E-D92A08A2E842}"
EndProject
Project("{FAE04EC0-301F-11D3-BF4B-00C04F79EFBC}") = "Metotlar", "Metotlar\Metotlar.csproj", "{766AD3BC-E17C-4B73-AEFB-51F2605D993F}"
EndProject
Project("{FAE04EC0-301F-11D3-BF4B-00C04F79EFBC}") = "Matematikk", "Matematikk\Matematikk.csproj", "{81B6B9D7-49A1-481A-98AF-A454ABE2CF5A}"
EndProject
Project("{FAE04EC0-301F-11D3-BF4B-00C04F79EFBC}") = "DegerVeReferenasTipler", "DegerVeReferenasTipler\DegerVeReferenasTipler.csproj", "{DBE1C8B5-3F90-48AB-A61D-043C05C35E86}"
EndProject
Global
	GlobalSection(SolutionConfigurationPlatforms) = preSolution
		Debug|Any CPU = Debug|Any CPU
		Release|Any CPU = Release|Any CPU
	EndGlobalSection
	GlobalSection(ProjectConfigurationPlatforms) = postSolution
		{997F0146-6726-4433-8369-A31F7A72C488}.Debug|Any CPU.ActiveCfg = Debug|Any CPU
		{997F0146-6726-4433-8369-A31F7A72C488}.Debug|Any CPU.Build.0 = Debug|Any CPU
		{997F0146-6726-4433-8369-A31F7A72C488}.Release|Any CPU.ActiveCfg = Release|Any CPU
		{997F0146-6726-4433-8369-A31F7A72C488}.Release|Any CPU.Build.0 = Release|Any CPU
		{5A0105EB-DBDE-478B-8315-F3D238DE7C80}.Debug|Any CPU.ActiveCfg = Debug|Any CPU
		{5A0105EB-DBDE-478B-8315-F3D238DE7C80}.Debug|Any CPU.Build.0 = Debug|Any CPU
		{5A0105EB-DBDE-478B-8315-F3D238DE7C80}.Release|Any CPU.ActiveCfg = Release|Any CPU
		{5A0105EB-DBDE-478B-8315-F3D238DE7C80}.Release|Any CPU.Build.0 = Release|Any CPU
		{855E6165-0E5A-4746-B76E-D92A08A2E842}.Debug|Any CPU.ActiveCfg = Debug|Any CPU
		{855E6165-0E5A-4746-B76E-D92A08A2E842}.Debug|Any CPU.Build.0 = Debug|Any CPU
		{855E6165-0E5A-4746-B76E-D92A08A2E842}.Release|Any CPU.ActiveCfg = Release|Any CPU
		{855E6165-0E5A-4746-B76E-D92A08A2E842}.Release|Any CPU.Build.0 = Release|Any CPU
		{766AD3BC-E17C-4B73-AEFB-51F2605D993F}.Debug|Any CPU.ActiveCfg = Debug|Any CPU
		{766AD3BC-E17C-4B73-AEFB-51F2605D993F}.Debug|Any CPU.Build.0 = Debug|Any CPU
		{766AD3BC-E17C-4B73-AEFB-51F2605D993F}.Release|Any CPU.ActiveCfg = Release|Any CPU
		{766AD3BC-E17C-4B73-AEFB-51F2605D993F}.Release|Any CPU.Build.0 = Release|Any CPU
		{81B6B9D7-49A1-481A-98AF-A454ABE2CF5A}.Debug|Any CPU.ActiveCfg = Debug|Any CPU
		{81B6B9D7-49A1-481A-98AF-A454ABE2CF5A}.Debug|Any CPU.Build.0 = Debug|Any CPU
		{81B6B9D7-49A1-481A-98AF-A454ABE2CF5A}.Release|Any CPU.ActiveCfg = Release|Any CPU
		{81B6B9D7-49A1-481A-98AF-A454ABE2CF5A}.Release|Any CPU.Build.0 = Release|Any CPU
		{DBE1C8B5-3F90-48AB-A61D-043C05C35E86}.Debug|Any CPU.ActiveCfg = Debug|Any CPU
		{DBE1C8B5-3F90-48AB-A61D-043C05C35E86}.Debug|Any CPU.Build.0 = Debug|Any CPU
		{DBE1C8B5-3F90-48AB-A61D-043C05C35E86}.Release|Any CPU.ActiveCfg = Release|Any CPU
		{DBE1C8B5-3F90-48AB-A61D-043C05C35E86}.Release|Any CPU.Build.0 = Release|Any CPU
	EndGlobalSection
	GlobalSection(SolutionProperties) = preSolution
		HideSolutionNode = FALSE
	EndGlobalSection
	GlobalSection(ExtensibilityGlobals) = postSolution
		SolutionGuid = {7E409481-D36B-4507-BF0E-98B7F0CE6ADE}
	EndGlobalSection
EndGlobal
